schema: '2.0'
stages:
  train:
    cmd: python train.py
    deps:
    - path: Telecom Customer Churn.csv
      hash: md5
      md5: 0f9de68e012bd3aed5fa7cdc9fc421af
      size: 977501
    - path: train.py
      hash: md5
      md5: 406fdae78ceb8b0e6b21fca72a8dcfa6
      size: 2381
    outs:
    - path: model.pkl
      hash: md5
      md5: fa5772b06449efd24f0fce5aeb5b1fdb
      size: 57343
